// !$*UTF8*$!
{
	archiveVersion = 1;
	classes = {
	};
	objectVersion = 46;
	objects = {

/* Begin PBXBuildFile section */
		655400221D1C199800AE50DA /* AppDelegate.swift in Sources */ = {isa = PBXBuildFile; fileRef = 655400211D1C199800AE50DA /* AppDelegate.swift */; };
		655400241D1C199800AE50DA /* ViewController.swift in Sources */ = {isa = PBXBuildFile; fileRef = 655400231D1C199800AE50DA /* ViewController.swift */; };
		655400271D1C199800AE50DA /* Main.storyboard in Resources */ = {isa = PBXBuildFile; fileRef = 655400251D1C199800AE50DA /* Main.storyboard */; };
		655400291D1C199800AE50DA /* Assets.xcassets in Resources */ = {isa = PBXBuildFile; fileRef = 655400281D1C199800AE50DA /* Assets.xcassets */; };
		6554002C1D1C199800AE50DA /* LaunchScreen.storyboard in Resources */ = {isa = PBXBuildFile; fileRef = 6554002A1D1C199800AE50DA /* LaunchScreen.storyboard */; };
		655400371D1C199800AE50DA /* HMScrollTests.swift in Sources */ = {isa = PBXBuildFile; fileRef = 655400361D1C199800AE50DA /* HMScrollTests.swift */; };
		655400421D1C199800AE50DA /* HMScrollUITests.swift in Sources */ = {isa = PBXBuildFile; fileRef = 655400411D1C199800AE50DA /* HMScrollUITests.swift */; };
		E30904EE1D1CC9C5005FBE51 /* HMScroll.swift in Sources */ = {isa = PBXBuildFile; fileRef = E30904ED1D1CC9C5005FBE51 /* HMScroll.swift */; };
		E30904F01D1CD4A4005FBE51 /* HMCollectionViewCell.swift in Sources */ = {isa = PBXBuildFile; fileRef = E30904EF1D1CD4A4005FBE51 /* HMCollectionViewCell.swift */; };
		E30904F21D1CDD65005FBE51 /* HMScrollModel.swift in Sources */ = {isa = PBXBuildFile; fileRef = E30904F11D1CDD65005FBE51 /* HMScrollModel.swift */; };
		E33B54E21D1D2D93008487C6 /* NSData+GIF.m in Sources */ = {isa = PBXBuildFile; fileRef = E33B54C81D1D2D93008487C6 /* NSData+GIF.m */; };
		E33B54E31D1D2D93008487C6 /* NSData+ImageContentType.m in Sources */ = {isa = PBXBuildFile; fileRef = E33B54CA1D1D2D93008487C6 /* NSData+ImageContentType.m */; };
		E33B54E41D1D2D93008487C6 /* SDImageCache.m in Sources */ = {isa = PBXBuildFile; fileRef = E33B54CC1D1D2D93008487C6 /* SDImageCache.m */; };
		E33B54E51D1D2D93008487C6 /* SDWebImageCompat.m in Sources */ = {isa = PBXBuildFile; fileRef = E33B54CE1D1D2D93008487C6 /* SDWebImageCompat.m */; };
		E33B54E61D1D2D93008487C6 /* SDWebImageDecoder.m in Sources */ = {isa = PBXBuildFile; fileRef = E33B54D01D1D2D93008487C6 /* SDWebImageDecoder.m */; };
		E33B54E71D1D2D93008487C6 /* SDWebImageDownloader.m in Sources */ = {isa = PBXBuildFile; fileRef = E33B54D21D1D2D93008487C6 /* SDWebImageDownloader.m */; };
		E33B54E81D1D2D93008487C6 /* SDWebImageDownloaderOperation.m in Sources */ = {isa = PBXBuildFile; fileRef = E33B54D41D1D2D93008487C6 /* SDWebImageDownloaderOperation.m */; };
		E33B54E91D1D2D93008487C6 /* SDWebImageManager.m in Sources */ = {isa = PBXBuildFile; fileRef = E33B54D61D1D2D93008487C6 /* SDWebImageManager.m */; };
		E33B54EA1D1D2D93008487C6 /* SDWebImagePrefetcher.m in Sources */ = {isa = PBXBuildFile; fileRef = E33B54D91D1D2D93008487C6 /* SDWebImagePrefetcher.m */; };
		E33B54EB1D1D2D93008487C6 /* UIButton+WebCache.m in Sources */ = {isa = PBXBuildFile; fileRef = E33B54DB1D1D2D93008487C6 /* UIButton+WebCache.m */; };
		E33B54EC1D1D2D93008487C6 /* UIImage+GIF.m in Sources */ = {isa = PBXBuildFile; fileRef = E33B54DD1D1D2D93008487C6 /* UIImage+GIF.m */; };
		E33B54ED1D1D2D93008487C6 /* UIImage+MultiFormat.m in Sources */ = {isa = PBXBuildFile; fileRef = E33B54DF1D1D2D93008487C6 /* UIImage+MultiFormat.m */; };
		E33B54EE1D1D2D93008487C6 /* UIImageView+WebCache.m in Sources */ = {isa = PBXBuildFile; fileRef = E33B54E11D1D2D93008487C6 /* UIImageView+WebCache.m */; };
/* End PBXBuildFile section */

/* Begin PBXContainerItemProxy section */
		655400331D1C199800AE50DA /* PBXContainerItemProxy */ = {
			isa = PBXContainerItemProxy;
			containerPortal = 655400161D1C199800AE50DA /* Project object */;
			proxyType = 1;
			remoteGlobalIDString = 6554001D1D1C199800AE50DA;
			remoteInfo = HMScroll;
		};
		6554003E1D1C199800AE50DA /* PBXContainerItemProxy */ = {
			isa = PBXContainerItemProxy;
			containerPortal = 655400161D1C199800AE50DA /* Project object */;
			proxyType = 1;
			remoteGlobalIDString = 6554001D1D1C199800AE50DA;
			remoteInfo = HMScroll;
		};
/* End PBXContainerItemProxy section */

/* Begin PBXFileReference section */
		6554001E1D1C199800AE50DA /* HMScroll.app */ = {isa = PBXFileReference; explicitFileType = wrapper.application; includeInIndex = 0; path = HMScroll.app; sourceTree = BUILT_PRODUCTS_DIR; };
		655400211D1C199800AE50DA /* AppDelegate.swift */ = {isa = PBXFileReference; lastKnownFileType = sourcecode.swift; path = AppDelegate.swift; sourceTree = "<group>"; };
		655400231D1C199800AE50DA /* ViewController.swift */ = {isa = PBXFileReference; lastKnownFileType = sourcecode.swift; path = ViewController.swift; sourceTree = "<group>"; };
		655400261D1C199800AE50DA /* Base */ = {isa = PBXFileReference; lastKnownFileType = file.storyboard; name = Base; path = Base.lproj/Main.storyboard; sourceTree = "<group>"; };
		655400281D1C199800AE50DA /* Assets.xcassets */ = {isa = PBXFileReference; lastKnownFileType = folder.assetcatalog; path = Assets.xcassets; sourceTree = "<group>"; };
		6554002B1D1C199800AE50DA /* Base */ = {isa = PBXFileReference; lastKnownFileType = file.storyboard; name = Base; path = Base.lproj/LaunchScreen.storyboard; sourceTree = "<group>"; };
		6554002D1D1C199800AE50DA /* Info.plist */ = {isa = PBXFileReference; lastKnownFileType = text.plist.xml; path = Info.plist; sourceTree = "<group>"; };
		655400321D1C199800AE50DA /* HMScrollTests.xctest */ = {isa = PBXFileReference; explicitFileType = wrapper.cfbundle; includeInIndex = 0; path = HMScrollTests.xctest; sourceTree = BUILT_PRODUCTS_DIR; };
		655400361D1C199800AE50DA /* HMScrollTests.swift */ = {isa = PBXFileReference; lastKnownFileType = sourcecode.swift; path = HMScrollTests.swift; sourceTree = "<group>"; };
		655400381D1C199800AE50DA /* Info.plist */ = {isa = PBXFileReference; lastKnownFileType = text.plist.xml; path = Info.plist; sourceTree = "<group>"; };
		6554003D1D1C199800AE50DA /* HMScrollUITests.xctest */ = {isa = PBXFileReference; explicitFileType = wrapper.cfbundle; includeInIndex = 0; path = HMScrollUITests.xctest; sourceTree = BUILT_PRODUCTS_DIR; };
		655400411D1C199800AE50DA /* HMScrollUITests.swift */ = {isa = PBXFileReference; lastKnownFileType = sourcecode.swift; path = HMScrollUITests.swift; sourceTree = "<group>"; };
		655400431D1C199800AE50DA /* Info.plist */ = {isa = PBXFileReference; lastKnownFileType = text.plist.xml; path = Info.plist; sourceTree = "<group>"; };
		E30904ED1D1CC9C5005FBE51 /* HMScroll.swift */ = {isa = PBXFileReference; fileEncoding = 4; lastKnownFileType = sourcecode.swift; path = HMScroll.swift; sourceTree = "<group>"; };
		E30904EF1D1CD4A4005FBE51 /* HMCollectionViewCell.swift */ = {isa = PBXFileReference; fileEncoding = 4; lastKnownFileType = sourcecode.swift; path = HMCollectionViewCell.swift; sourceTree = "<group>"; };
		E30904F11D1CDD65005FBE51 /* HMScrollModel.swift */ = {isa = PBXFileReference; fileEncoding = 4; lastKnownFileType = sourcecode.swift; path = HMScrollModel.swift; sourceTree = "<group>"; };
		E33B54C21D1D2CA5008487C6 /* HMScroll-Bridging-Header.h */ = {isa = PBXFileReference; lastKnownFileType = sourcecode.c.h; path = "HMScroll-Bridging-Header.h"; sourceTree = "<group>"; };
		E33B54C71D1D2D93008487C6 /* NSData+GIF.h */ = {isa = PBXFileReference; fileEncoding = 4; lastKnownFileType = sourcecode.c.h; path = "NSData+GIF.h"; sourceTree = "<group>"; };
		E33B54C81D1D2D93008487C6 /* NSData+GIF.m */ = {isa = PBXFileReference; fileEncoding = 4; lastKnownFileType = sourcecode.c.objc; path = "NSData+GIF.m"; sourceTree = "<group>"; };
		E33B54C91D1D2D93008487C6 /* NSData+ImageContentType.h */ = {isa = PBXFileReference; fileEncoding = 4; lastKnownFileType = sourcecode.c.h; path = "NSData+ImageContentType.h"; sourceTree = "<group>"; };
		E33B54CA1D1D2D93008487C6 /* NSData+ImageContentType.m */ = {isa = PBXFileReference; fileEncoding = 4; lastKnownFileType = sourcecode.c.objc; path = "NSData+ImageContentType.m"; sourceTree = "<group>"; };
		E33B54CB1D1D2D93008487C6 /* SDImageCache.h */ = {isa = PBXFileReference; fileEncoding = 4; lastKnownFileType = sourcecode.c.h; path = SDImageCache.h; sourceTree = "<group>"; };
		E33B54CC1D1D2D93008487C6 /* SDImageCache.m */ = {isa = PBXFileReference; fileEncoding = 4; lastKnownFileType = sourcecode.c.objc; path = SDImageCache.m; sourceTree = "<group>"; };
		E33B54CD1D1D2D93008487C6 /* SDWebImageCompat.h */ = {isa = PBXFileReference; fileEncoding = 4; lastKnownFileType = sourcecode.c.h; path = SDWebImageCompat.h; sourceTree = "<group>"; };
		E33B54CE1D1D2D93008487C6 /* SDWebImageCompat.m */ = {isa = PBXFileReference; fileEncoding = 4; lastKnownFileType = sourcecode.c.objc; path = SDWebImageCompat.m; sourceTree = "<group>"; };
		E33B54CF1D1D2D93008487C6 /* SDWebImageDecoder.h */ = {isa = PBXFileReference; fileEncoding = 4; lastKnownFileType = sourcecode.c.h; path = SDWebImageDecoder.h; sourceTree = "<group>"; };
		E33B54D01D1D2D93008487C6 /* SDWebImageDecoder.m */ = {isa = PBXFileReference; fileEncoding = 4; lastKnownFileType = sourcecode.c.objc; path = SDWebImageDecoder.m; sourceTree = "<group>"; };
		E33B54D11D1D2D93008487C6 /* SDWebImageDownloader.h */ = {isa = PBXFileReference; fileEncoding = 4; lastKnownFileType = sourcecode.c.h; path = SDWebImageDownloader.h; sourceTree = "<group>"; };
		E33B54D21D1D2D93008487C6 /* SDWebImageDownloader.m */ = {isa = PBXFileReference; fileEncoding = 4; lastKnownFileType = sourcecode.c.objc; path = SDWebImageDownloader.m; sourceTree = "<group>"; };
		E33B54D31D1D2D93008487C6 /* SDWebImageDownloaderOperation.h */ = {isa = PBXFileReference; fileEncoding = 4; lastKnownFileType = sourcecode.c.h; path = SDWebImageDownloaderOperation.h; sourceTree = "<group>"; };
		E33B54D41D1D2D93008487C6 /* SDWebImageDownloaderOperation.m */ = {isa = PBXFileReference; fileEncoding = 4; lastKnownFileType = sourcecode.c.objc; path = SDWebImageDownloaderOperation.m; sourceTree = "<group>"; };
		E33B54D51D1D2D93008487C6 /* SDWebImageManager.h */ = {isa = PBXFileReference; fileEncoding = 4; lastKnownFileType = sourcecode.c.h; path = SDWebImageManager.h; sourceTree = "<group>"; };
		E33B54D61D1D2D93008487C6 /* SDWebImageManager.m */ = {isa = PBXFileReference; fileEncoding = 4; lastKnownFileType = sourcecode.c.objc; path = SDWebImageManager.m; sourceTree = "<group>"; };
		E33B54D71D1D2D93008487C6 /* SDWebImageOperation.h */ = {isa = PBXFileReference; fileEncoding = 4; lastKnownFileType = sourcecode.c.h; path = SDWebImageOperation.h; sourceTree = "<group>"; };
		E33B54D81D1D2D93008487C6 /* SDWebImagePrefetcher.h */ = {isa = PBXFileReference; fileEncoding = 4; lastKnownFileType = sourcecode.c.h; path = SDWebImagePrefetcher.h; sourceTree = "<group>"; };
		E33B54D91D1D2D93008487C6 /* SDWebImagePrefetcher.m */ = {isa = PBXFileReference; fileEncoding = 4; lastKnownFileType = sourcecode.c.objc; path = SDWebImagePrefetcher.m; sourceTree = "<group>"; };
		E33B54DA1D1D2D93008487C6 /* UIButton+WebCache.h */ = {isa = PBXFileReference; fileEncoding = 4; lastKnownFileType = sourcecode.c.h; path = "UIButton+WebCache.h"; sourceTree = "<group>"; };
		E33B54DB1D1D2D93008487C6 /* UIButton+WebCache.m */ = {isa = PBXFileReference; fileEncoding = 4; lastKnownFileType = sourcecode.c.objc; path = "UIButton+WebCache.m"; sourceTree = "<group>"; };
		E33B54DC1D1D2D93008487C6 /* UIImage+GIF.h */ = {isa = PBXFileReference; fileEncoding = 4; lastKnownFileType = sourcecode.c.h; path = "UIImage+GIF.h"; sourceTree = "<group>"; };
		E33B54DD1D1D2D93008487C6 /* UIImage+GIF.m */ = {isa = PBXFileReference; fileEncoding = 4; lastKnownFileType = sourcecode.c.objc; path = "UIImage+GIF.m"; sourceTree = "<group>"; };
		E33B54DE1D1D2D93008487C6 /* UIImage+MultiFormat.h */ = {isa = PBXFileReference; fileEncoding = 4; lastKnownFileType = sourcecode.c.h; path = "UIImage+MultiFormat.h"; sourceTree = "<group>"; };
		E33B54DF1D1D2D93008487C6 /* UIImage+MultiFormat.m */ = {isa = PBXFileReference; fileEncoding = 4; lastKnownFileType = sourcecode.c.objc; path = "UIImage+MultiFormat.m"; sourceTree = "<group>"; };
		E33B54E01D1D2D93008487C6 /* UIImageView+WebCache.h */ = {isa = PBXFileReference; fileEncoding = 4; lastKnownFileType = sourcecode.c.h; path = "UIImageView+WebCache.h"; sourceTree = "<group>"; };
		E33B54E11D1D2D93008487C6 /* UIImageView+WebCache.m */ = {isa = PBXFileReference; fileEncoding = 4; lastKnownFileType = sourcecode.c.objc; path = "UIImageView+WebCache.m"; sourceTree = "<group>"; };
/* End PBXFileReference section */

/* Begin PBXFrameworksBuildPhase section */
		6554001B1D1C199800AE50DA /* Frameworks */ = {
			isa = PBXFrameworksBuildPhase;
			buildActionMask = 2147483647;
			files = (
			);
			runOnlyForDeploymentPostprocessing = 0;
		};
		6554002F1D1C199800AE50DA /* Frameworks */ = {
			isa = PBXFrameworksBuildPhase;
			buildActionMask = 2147483647;
			files = (
			);
			runOnlyForDeploymentPostprocessing = 0;
		};
		6554003A1D1C199800AE50DA /* Frameworks */ = {
			isa = PBXFrameworksBuildPhase;
			buildActionMask = 2147483647;
			files = (
			);
			runOnlyForDeploymentPostprocessing = 0;
		};
/* End PBXFrameworksBuildPhase section */

/* Begin PBXGroup section */
		655400151D1C199800AE50DA = {
			isa = PBXGroup;
			children = (
				655400201D1C199800AE50DA /* HMScroll */,
				655400351D1C199800AE50DA /* HMScrollTests */,
				655400401D1C199800AE50DA /* HMScrollUITests */,
				6554001F1D1C199800AE50DA /* Products */,
			);
			sourceTree = "<group>";
		};
		6554001F1D1C199800AE50DA /* Products */ = {
			isa = PBXGroup;
			children = (
				6554001E1D1C199800AE50DA /* HMScroll.app */,
				655400321D1C199800AE50DA /* HMScrollTests.xctest */,
				6554003D1D1C199800AE50DA /* HMScrollUITests.xctest */,
			);
			name = Products;
			sourceTree = "<group>";
		};
		655400201D1C199800AE50DA /* HMScroll */ = {
			isa = PBXGroup;
			children = (
				E33B54C61D1D2D79008487C6 /* SDwebImage */,
				E30904EC1D1CC6F9005FBE51 /* HMScrollView */,
				655400211D1C199800AE50DA /* AppDelegate.swift */,
				655400231D1C199800AE50DA /* ViewController.swift */,
				655400251D1C199800AE50DA /* Main.storyboard */,
				655400281D1C199800AE50DA /* Assets.xcassets */,
				6554002A1D1C199800AE50DA /* LaunchScreen.storyboard */,
				6554002D1D1C199800AE50DA /* Info.plist */,
				E33B54C21D1D2CA5008487C6 /* HMScroll-Bridging-Header.h */,
			);
			path = HMScroll;
			sourceTree = "<group>";
		};
		655400351D1C199800AE50DA /* HMScrollTests */ = {
			isa = PBXGroup;
			children = (
				655400361D1C199800AE50DA /* HMScrollTests.swift */,
				655400381D1C199800AE50DA /* Info.plist */,
			);
			path = HMScrollTests;
			sourceTree = "<group>";
		};
		655400401D1C199800AE50DA /* HMScrollUITests */ = {
			isa = PBXGroup;
			children = (
				655400411D1C199800AE50DA /* HMScrollUITests.swift */,
				655400431D1C199800AE50DA /* Info.plist */,
			);
			path = HMScrollUITests;
			sourceTree = "<group>";
		};
		E30904EC1D1CC6F9005FBE51 /* HMScrollView */ = {
			isa = PBXGroup;
			children = (
				E30904ED1D1CC9C5005FBE51 /* HMScroll.swift */,
				E30904EF1D1CD4A4005FBE51 /* HMCollectionViewCell.swift */,
				E30904F11D1CDD65005FBE51 /* HMScrollModel.swift */,
			);
			path = HMScrollView;
			sourceTree = "<group>";
		};
		E33B54C61D1D2D79008487C6 /* SDwebImage */ = {
			isa = PBXGroup;
			children = (
				E33B54C71D1D2D93008487C6 /* NSData+GIF.h */,
				E33B54C81D1D2D93008487C6 /* NSData+GIF.m */,
				E33B54C91D1D2D93008487C6 /* NSData+ImageContentType.h */,
				E33B54CA1D1D2D93008487C6 /* NSData+ImageContentType.m */,
				E33B54CB1D1D2D93008487C6 /* SDImageCache.h */,
				E33B54CC1D1D2D93008487C6 /* SDImageCache.m */,
				E33B54CD1D1D2D93008487C6 /* SDWebImageCompat.h */,
				E33B54CE1D1D2D93008487C6 /* SDWebImageCompat.m */,
				E33B54CF1D1D2D93008487C6 /* SDWebImageDecoder.h */,
				E33B54D01D1D2D93008487C6 /* SDWebImageDecoder.m */,
				E33B54D11D1D2D93008487C6 /* SDWebImageDownloader.h */,
				E33B54D21D1D2D93008487C6 /* SDWebImageDownloader.m */,
				E33B54D31D1D2D93008487C6 /* SDWebImageDownloaderOperation.h */,
				E33B54D41D1D2D93008487C6 /* SDWebImageDownloaderOperation.m */,
				E33B54D51D1D2D93008487C6 /* SDWebImageManager.h */,
				E33B54D61D1D2D93008487C6 /* SDWebImageManager.m */,
				E33B54D71D1D2D93008487C6 /* SDWebImageOperation.h */,
				E33B54D81D1D2D93008487C6 /* SDWebImagePrefetcher.h */,
				E33B54D91D1D2D93008487C6 /* SDWebImagePrefetcher.m */,
				E33B54DA1D1D2D93008487C6 /* UIButton+WebCache.h */,
				E33B54DB1D1D2D93008487C6 /* UIButton+WebCache.m */,
				E33B54DC1D1D2D93008487C6 /* UIImage+GIF.h */,
				E33B54DD1D1D2D93008487C6 /* UIImage+GIF.m */,
				E33B54DE1D1D2D93008487C6 /* UIImage+MultiFormat.h */,
				E33B54DF1D1D2D93008487C6 /* UIImage+MultiFormat.m */,
				E33B54E01D1D2D93008487C6 /* UIImageView+WebCache.h */,
				E33B54E11D1D2D93008487C6 /* UIImageView+WebCache.m */,
			);
			path = SDwebImage;
			sourceTree = "<group>";
		};
/* End PBXGroup section */

/* Begin PBXNativeTarget section */
		6554001D1D1C199800AE50DA /* HMScroll */ = {
			isa = PBXNativeTarget;
			buildConfigurationList = 655400461D1C199800AE50DA /* Build configuration list for PBXNativeTarget "HMScroll" */;
			buildPhases = (
				6554001A1D1C199800AE50DA /* Sources */,
				6554001B1D1C199800AE50DA /* Frameworks */,
				6554001C1D1C199800AE50DA /* Resources */,
			);
			buildRules = (
			);
			dependencies = (
			);
			name = HMScroll;
			productName = HMScroll;
			productReference = 6554001E1D1C199800AE50DA /* HMScroll.app */;
			productType = "com.apple.product-type.application";
		};
		655400311D1C199800AE50DA /* HMScrollTests */ = {
			isa = PBXNativeTarget;
			buildConfigurationList = 655400491D1C199800AE50DA /* Build configuration list for PBXNativeTarget "HMScrollTests" */;
			buildPhases = (
				6554002E1D1C199800AE50DA /* Sources */,
				6554002F1D1C199800AE50DA /* Frameworks */,
				655400301D1C199800AE50DA /* Resources */,
			);
			buildRules = (
			);
			dependencies = (
				655400341D1C199800AE50DA /* PBXTargetDependency */,
			);
			name = HMScrollTests;
			productName = HMScrollTests;
			productReference = 655400321D1C199800AE50DA /* HMScrollTests.xctest */;
			productType = "com.apple.product-type.bundle.unit-test";
		};
		6554003C1D1C199800AE50DA /* HMScrollUITests */ = {
			isa = PBXNativeTarget;
			buildConfigurationList = 6554004C1D1C199800AE50DA /* Build configuration list for PBXNativeTarget "HMScrollUITests" */;
			buildPhases = (
				655400391D1C199800AE50DA /* Sources */,
				6554003A1D1C199800AE50DA /* Frameworks */,
				6554003B1D1C199800AE50DA /* Resources */,
			);
			buildRules = (
			);
			dependencies = (
				6554003F1D1C199800AE50DA /* PBXTargetDependency */,
			);
			name = HMScrollUITests;
			productName = HMScrollUITests;
			productReference = 6554003D1D1C199800AE50DA /* HMScrollUITests.xctest */;
			productType = "com.apple.product-type.bundle.ui-testing";
		};
/* End PBXNativeTarget section */

/* Begin PBXProject section */
		655400161D1C199800AE50DA /* Project object */ = {
			isa = PBXProject;
			attributes = {
				LastSwiftUpdateCheck = 0710;
				LastUpgradeCheck = 0710;
				ORGANIZATIONNAME = Human;
				TargetAttributes = {
					6554001D1D1C199800AE50DA = {
						CreatedOnToolsVersion = 7.1.1;
					};
					655400311D1C199800AE50DA = {
						CreatedOnToolsVersion = 7.1.1;
						TestTargetID = 6554001D1D1C199800AE50DA;
					};
					6554003C1D1C199800AE50DA = {
						CreatedOnToolsVersion = 7.1.1;
						TestTargetID = 6554001D1D1C199800AE50DA;
					};
				};
			};
			buildConfigurationList = 655400191D1C199800AE50DA /* Build configuration list for PBXProject "HMScroll" */;
			compatibilityVersion = "Xcode 3.2";
			developmentRegion = English;
			hasScannedForEncodings = 0;
			knownRegions = (
				en,
				Base,
			);
			mainGroup = 655400151D1C199800AE50DA;
			productRefGroup = 6554001F1D1C199800AE50DA /* Products */;
			projectDirPath = "";
			projectRoot = "";
			targets = (
				6554001D1D1C199800AE50DA /* HMScroll */,
				655400311D1C199800AE50DA /* HMScrollTests */,
				6554003C1D1C199800AE50DA /* HMScrollUITests */,
			);
		};
/* End PBXProject section */

/* Begin PBXResourcesBuildPhase section */
		6554001C1D1C199800AE50DA /* Resources */ = {
			isa = PBXResourcesBuildPhase;
			buildActionMask = 2147483647;
			files = (
				6554002C1D1C199800AE50DA /* LaunchScreen.storyboard in Resources */,
				655400291D1C199800AE50DA /* Assets.xcassets in Resources */,
				655400271D1C199800AE50DA /* Main.storyboard in Resources */,
			);
			runOnlyForDeploymentPostprocessing = 0;
		};
		655400301D1C199800AE50DA /* Resources */ = {
			isa = PBXResourcesBuildPhase;
			buildActionMask = 2147483647;
			files = (
			);
			runOnlyForDeploymentPostprocessing = 0;
		};
		6554003B1D1C199800AE50DA /* Resources */ = {
			isa = PBXResourcesBuildPhase;
			buildActionMask = 2147483647;
			files = (
			);
			runOnlyForDeploymentPostprocessing = 0;
		};
/* End PBXResourcesBuildPhase section */

/* Begin PBXSourcesBuildPhase section */
		6554001A1D1C199800AE50DA /* Sources */ = {
			isa = PBXSourcesBuildPhase;
			buildActionMask = 2147483647;
			files = (
				E33B54E71D1D2D93008487C6 /* SDWebImageDownloader.m in Sources */,
				E33B54EE1D1D2D93008487C6 /* UIImageView+WebCache.m in Sources */,
				655400241D1C199800AE50DA /* ViewController.swift in Sources */,
				E33B54EA1D1D2D93008487C6 /* SDWebImagePrefetcher.m in Sources */,
				E30904F01D1CD4A4005FBE51 /* HMCollectionViewCell.swift in Sources */,
				E33B54ED1D1D2D93008487C6 /* UIImage+MultiFormat.m in Sources */,
				E30904F21D1CDD65005FBE51 /* HMScrollModel.swift in Sources */,
				E33B54E31D1D2D93008487C6 /* NSData+ImageContentType.m in Sources */,
				E33B54E21D1D2D93008487C6 /* NSData+GIF.m in Sources */,
				E33B54E91D1D2D93008487C6 /* SDWebImageManager.m in Sources */,
				E33B54E61D1D2D93008487C6 /* SDWebImageDecoder.m in Sources */,
				E33B54E81D1D2D93008487C6 /* SDWebImageDownloaderOperation.m in Sources */,
				E30904EE1D1CC9C5005FBE51 /* HMScroll.swift in Sources */,
				655400221D1C199800AE50DA /* AppDelegate.swift in Sources */,
				E33B54E51D1D2D93008487C6 /* SDWebImageCompat.m in Sources */,
				E33B54EB1D1D2D93008487C6 /* UIButton+WebCache.m in Sources */,
				E33B54EC1D1D2D93008487C6 /* UIImage+GIF.m in Sources */,
				E33B54E41D1D2D93008487C6 /* SDImageCache.m in Sources */,
			);
			runOnlyForDeploymentPostprocessing = 0;
		};
		6554002E1D1C199800AE50DA /* Sources */ = {
			isa = PBXSourcesBuildPhase;
			buildActionMask = 2147483647;
			files = (
				655400371D1C199800AE50DA /* HMScrollTests.swift in Sources */,
			);
			runOnlyForDeploymentPostprocessing = 0;
		};
		655400391D1C199800AE50DA /* Sources */ = {
			isa = PBXSourcesBuildPhase;
			buildActionMask = 2147483647;
			files = (
				655400421D1C199800AE50DA /* HMScrollUITests.swift in Sources */,
			);
			runOnlyForDeploymentPostprocessing = 0;
		};
/* End PBXSourcesBuildPhase section */

/* Begin PBXTargetDependency section */
		655400341D1C199800AE50DA /* PBXTargetDependency */ = {
			isa = PBXTargetDependency;
			target = 6554001D1D1C199800AE50DA /* HMScroll */;
			targetProxy = 655400331D1C199800AE50DA /* PBXContainerItemProxy */;
		};
		6554003F1D1C199800AE50DA /* PBXTargetDependency */ = {
			isa = PBXTargetDependency;
			target = 6554001D1D1C199800AE50DA /* HMScroll */;
			targetProxy = 6554003E1D1C199800AE50DA /* PBXContainerItemProxy */;
		};
/* End PBXTargetDependency section */

/* Begin PBXVariantGroup section */
		655400251D1C199800AE50DA /* Main.storyboard */ = {
			isa = PBXVariantGroup;
			children = (
				655400261D1C199800AE50DA /* Base */,
			);
			name = Main.storyboard;
			sourceTree = "<group>";
		};
		6554002A1D1C199800AE50DA /* LaunchScreen.storyboard */ = {
			isa = PBXVariantGroup;
			children = (
				6554002B1D1C199800AE50DA /* Base */,
			);
			name = LaunchScreen.storyboard;
			sourceTree = "<group>";
		};
/* End PBXVariantGroup section */

/* Begin XCBuildConfiguration section */
		655400441D1C199800AE50DA /* Debug */ = {
			isa = XCBuildConfiguration;
			buildSettings = {
				ALWAYS_SEARCH_USER_PATHS = NO;
				CLANG_CXX_LANGUAGE_STANDARD = "gnu++0x";
				CLANG_CXX_LIBRARY = "libc++";
				CLANG_ENABLE_MODULES = YES;
				CLANG_ENABLE_OBJC_ARC = YES;
				CLANG_WARN_BOOL_CONVERSION = YES;
				CLANG_WARN_CONSTANT_CONVERSION = YES;
				CLANG_WARN_DIRECT_OBJC_ISA_USAGE = YES_ERROR;
				CLANG_WARN_EMPTY_BODY = YES;
				CLANG_WARN_ENUM_CONVERSION = YES;
				CLANG_WARN_INT_CONVERSION = YES;
				CLANG_WARN_OBJC_ROOT_CLASS = YES_ERROR;
				CLANG_WARN_UNREACHABLE_CODE = YES;
				CLANG_WARN__DUPLICATE_METHOD_MATCH = YES;
				"CODE_SIGN_IDENTITY[sdk=iphoneos*]" = "iPhone Developer";
				COPY_PHASE_STRIP = NO;
				DEBUG_INFORMATION_FORMAT = dwarf;
				ENABLE_STRICT_OBJC_MSGSEND = YES;
				ENABLE_TESTABILITY = YES;
				GCC_C_LANGUAGE_STANDARD = gnu99;
				GCC_DYNAMIC_NO_PIC = NO;
				GCC_NO_COMMON_BLOCKS = YES;
				GCC_OPTIMIZATION_LEVEL = 0;
				GCC_PREPROCESSOR_DEFINITIONS = (
					"DEBUG=1",
					"$(inherited)",
				);
				GCC_WARN_64_TO_32_BIT_CONVERSION = YES;
				GCC_WARN_ABOUT_RETURN_TYPE = YES_ERROR;
				GCC_WARN_UNDECLARED_SELECTOR = YES;
				GCC_WARN_UNINITIALIZED_AUTOS = YES_AGGRESSIVE;
				GCC_WARN_UNUSED_FUNCTION = YES;
				GCC_WARN_UNUSED_VARIABLE = YES;
				IPHONEOS_DEPLOYMENT_TARGET = 9.1;
				MTL_ENABLE_DEBUG_INFO = YES;
				ONLY_ACTIVE_ARCH = YES;
				SDKROOT = iphoneos;
				SWIFT_OPTIMIZATION_LEVEL = "-Onone";
			};
			name = Debug;
		};
		655400451D1C199800AE50DA /* Release */ = {
			isa = XCBuildConfiguration;
			buildSettings = {
				ALWAYS_SEARCH_USER_PATHS = NO;
				CLANG_CXX_LANGUAGE_STANDARD = "gnu++0x";
				CLANG_CXX_LIBRARY = "libc++";
				CLANG_ENABLE_MODULES = YES;
				CLANG_ENABLE_OBJC_ARC = YES;
				CLANG_WARN_BOOL_CONVERSION = YES;
				CLANG_WARN_CONSTANT_CONVERSION = YES;
				CLANG_WARN_DIRECT_OBJC_ISA_USAGE = YES_ERROR;
				CLANG_WARN_EMPTY_BODY = YES;
				CLANG_WARN_ENUM_CONVERSION = YES;
				CLANG_WARN_INT_CONVERSION = YES;
				CLANG_WARN_OBJC_ROOT_CLASS = YES_ERROR;
				CLANG_WARN_UNREACHABLE_CODE = YES;
				CLANG_WARN__DUPLICATE_METHOD_MATCH = YES;
				"CODE_SIGN_IDENTITY[sdk=iphoneos*]" = "iPhone Developer";
				COPY_PHASE_STRIP = NO;
				DEBUG_INFORMATION_FORMAT = "dwarf-with-dsym";
				ENABLE_NS_ASSERTIONS = NO;
				ENABLE_STRICT_OBJC_MSGSEND = YES;
				GCC_C_LANGUAGE_STANDARD = gnu99;
				GCC_NO_COMMON_BLOCKS = YES;
				GCC_WARN_64_TO_32_BIT_CONVERSION = YES;
				GCC_WARN_ABOUT_RETURN_TYPE = YES_ERROR;
				GCC_WARN_UNDECLARED_SELECTOR = YES;
				GCC_WARN_UNINITIALIZED_AUTOS = YES_AGGRESSIVE;
				GCC_WARN_UNUSED_FUNCTION = YES;
				GCC_WARN_UNUSED_VARIABLE = YES;
				IPHONEOS_DEPLOYMENT_TARGET = 9.1;
				MTL_ENABLE_DEBUG_INFO = NO;
				SDKROOT = iphoneos;
				VALIDATE_PRODUCT = YES;
			};
			name = Release;
		};
		655400471D1C199800AE50DA /* Debug */ = {
			isa = XCBuildConfiguration;
			buildSettings = {
				ASSETCATALOG_COMPILER_APPICON_NAME = AppIcon;
				CLANG_ENABLE_MODULES = YES;
				INFOPLIST_FILE = HMScroll/Info.plist;
				IPHONEOS_DEPLOYMENT_TARGET = 8.0;
				LD_RUNPATH_SEARCH_PATHS = "$(inherited) @executable_path/Frameworks";
				PRODUCT_BUNDLE_IDENTIFIER = human.HMScroll;
				PRODUCT_NAME = "$(TARGET_NAME)";
				SWIFT_OBJC_BRIDGING_HEADER = "HMScroll/HMScroll-Bridging-Header.h";
				SWIFT_OPTIMIZATION_LEVEL = "-Onone";
			};
			name = Debug;
		};
		655400481D1C199800AE50DA /* Release */ = {
			isa = XCBuildConfiguration;
			buildSettings = {
				ASSETCATALOG_COMPILER_APPICON_NAME = AppIcon;
				CLANG_ENABLE_MODULES = YES;
				INFOPLIST_FILE = HMScroll/Info.plist;
				IPHONEOS_DEPLOYMENT_TARGET = 8.0;
				LD_RUNPATH_SEARCH_PATHS = "$(inherited) @executable_path/Frameworks";
				PRODUCT_BUNDLE_IDENTIFIER = human.HMScroll;
				PRODUCT_NAME = "$(TARGET_NAME)";
				SWIFT_OBJC_BRIDGING_HEADER = "HMScroll/HMScroll-Bridging-Header.h";
			};
			name = Release;
		};
		6554004A1D1C199800AE50DA /* Debug */ = {
			isa = XCBuildConfiguration;
			buildSettings = {
				BUNDLE_LOADER = "$(TEST_HOST)";
				INFOPLIST_FILE = HMScrollTests/Info.plist;
				LD_RUNPATH_SEARCH_PATHS = "$(inherited) @executable_path/Frameworks @loader_path/Frameworks";
				PRODUCT_BUNDLE_IDENTIFIER = human.HMScrollTests;
				PRODUCT_NAME = "$(TARGET_NAME)";
				TEST_HOST = "$(BUILT_PRODUCTS_DIR)/HMScroll.app/HMScroll";
			};
			name = Debug;
		};
		6554004B1D1C199800AE50DA /* Release */ = {
			isa = XCBuildConfiguration;
			buildSettings = {
				BUNDLE_LOADER = "$(TEST_HOST)";
				INFOPLIST_FILE = HMScrollTests/Info.plist;
				LD_RUNPATH_SEARCH_PATHS = "$(inherited) @executable_path/Frameworks @loader_path/Frameworks";
				PRODUCT_BUNDLE_IDENTIFIER = human.HMScrollTests;
				PRODUCT_NAME = "$(TARGET_NAME)";
				TEST_HOST = "$(BUILT_PRODUCTS_DIR)/HMScroll.app/HMScroll";
			};
			name = Release;
		};
		6554004D1D1C199800AE50DA /* Debug */ = {
			isa = XCBuildConfiguration;
			buildSettings = {
				INFOPLIST_FILE = HMScrollUITests/Info.plist;
				LD_RUNPATH_SEARCH_PATHS = "$(inherited) @executable_path/Frameworks @loader_path/Frameworks";
				PRODUCT_BUNDLE_IDENTIFIER = human.HMScrollUITests;
				PRODUCT_NAME = "$(TARGET_NAME)";
				TEST_TARGET_NAME = HMScroll;
				USES_XCTRUNNER = YES;
			};
			name = Debug;
		};
		6554004E1D1C199800AE50DA /* Release */ = {
			isa = XCBuildConfiguration;
			buildSettings = {
				INFOPLIST_FILE = HMScrollUITests/Info.plist;
				LD_RUNPATH_SEARCH_PATHS = "$(inherited) @executable_path/Frameworks @loader_path/Frameworks";
				PRODUCT_BUNDLE_IDENTIFIER = human.HMScrollUITests;
				PRODUCT_NAME = "$(TARGET_NAME)";
				TEST_TARGET_NAME = HMScroll;
				USES_XCTRUNNER = YES;
			};
			name = Release;
		};
/* End XCBuildConfiguration section */

/* Begin XCConfigurationList section */
		655400191D1C199800AE50DA /* Build configuration list for PBXProject "HMScroll" */ = {
			isa = XCConfigurationList;
			buildConfigurations = (
				655400441D1C199800AE50DA /* Debug */,
				655400451D1C199800AE50DA /* Release */,
			);
			defaultConfigurationIsVisible = 0;
			defaultConfigurationName = Release;
		};
		655400461D1C199800AE50DA /* Build configuration list for PBXNativeTarget "HMScroll" */ = {
			isa = XCConfigurationList;
			buildConfigurations = (
				655400471D1C199800AE50DA /* Debug */,
				655400481D1C199800AE50DA /* Release */,
			);
			defaultConfigurationIsVisible = 0;
			defaultConfigurationName = Release;
		};
		655400491D1C199800AE50DA /* Build configuration list for PBXNativeTarget "HMScrollTests" */ = {
			isa = XCConfigurationList;
			buildConfigurations = (
				6554004A1D1C199800AE50DA /* Debug */,
				6554004B1D1C199800AE50DA /* Release */,
			);
			defaultConfigurationIsVisible = 0;
			defaultConfigurationName = Release;
		};
		6554004C1D1C199800AE50DA /* Build configuration list for PBXNativeTarget "HMScrollUITests" */ = {
			isa = XCConfigurationList;
			buildConfigurations = (
				6554004D1D1C199800AE50DA /* Debug */,
				6554004E1D1C199800AE50DA /* Release */,
			);
			defaultConfigurationIsVisible = 0;
			defaultConfigurationName = Release;
		};
/* End XCConfigurationList section */
	};
	rootObject = 655400161D1C199800AE50DA /* Project object */;
}
